
Microsoft Visual Studio Solution File, Format Version 12.00
# Visual Studio for Mac
Project("{FAE04EC0-301F-11D3-BF4B-00C04F79EFBC}") = "Assembly-CSharp", "Assembly-CSharp.csproj", "{46A36424-0F51-3E80-4D62-D0D3040AD1BD}"
EndProject
Project("{FAE04EC0-301F-11D3-BF4B-00C04F79EFBC}") = "Assembly-CSharp-Editor", "Assembly-CSharp-Editor.csproj", "{7CCF70B6-7206-B892-9583-B02AAF0C3584}"
EndProject
Global
	GlobalSection(SolutionConfigurationPlatforms) = preSolution
		Debug|Any CPU = Debug|Any CPU
		Release|Any CPU = Release|Any CPU
	EndGlobalSection
	GlobalSection(ProjectConfigurationPlatforms) = postSolution
		{46A36424-0F51-3E80-4D62-D0D3040AD1BD}.Debug|Any CPU.ActiveCfg = Debug|Any CPU
		{46A36424-0F51-3E80-4D62-D0D3040AD1BD}.Debug|Any CPU.Build.0 = Debug|Any CPU
		{46A36424-0F51-3E80-4D62-D0D3040AD1BD}.Release|Any CPU.ActiveCfg = Release|Any CPU
		{46A36424-0F51-3E80-4D62-D0D3040AD1BD}.Release|Any CPU.Build.0 = Release|Any CPU
		{7CCF70B6-7206-B892-9583-B02AAF0C3584}.Debug|Any CPU.ActiveCfg = Debug|Any CPU
		{7CCF70B6-7206-B892-9583-B02AAF0C3584}.Debug|Any CPU.Build.0 = Debug|Any CPU
		{7CCF70B6-7206-B892-9583-B02AAF0C3584}.Release|Any CPU.ActiveCfg = Release|Any CPU
		{7CCF70B6-7206-B892-9583-B02AAF0C3584}.Release|Any CPU.Build.0 = Release|Any CPU
	EndGlobalSection
	GlobalSection(SolutionProperties) = preSolution
		HideSolutionNode = FALSE
	EndGlobalSection
	GlobalSection(MonoDevelopProperties) = preSolution
		StartupItem = Assembly-CSharp.csproj
	EndGlobalSection
EndGlobal
